
Microsoft Visual Studio Solution File, Format Version 12.00
# Visual Studio Version 17
VisualStudioVersion = 17.8.34322.80
MinimumVisualStudioVersion = 10.0.40219.1
Project("{9A19103F-16F7-4668-BE54-9A1E7A4F7556}") = "Pacagroup.Ecommerce.CrossSectional.Common", "Pacagroup.Ecommerce.CrossSectional.Common\Pacagroup.Ecommerce.CrossSectional.Common.csproj", "{78FAFEDE-09A9-41F7-B705-38396AE1D7C0}"
EndProject
Project("{2150E333-8FDC-42A3-9474-1A3956D46DE8}") = "CrossSectional", "CrossSectional", "{70ABC1D3-936C-439C-ADAC-32D8D56B358A}"
EndProject
Project("{2150E333-8FDC-42A3-9474-1A3956D46DE8}") = "Infrastructure", "Infrastructure", "{00288B39-D73E-4520-9F27-BC58A74529FC}"
EndProject
Project("{2150E333-8FDC-42A3-9474-1A3956D46DE8}") = "Domain", "Domain", "{018B00F0-58A1-4DC6-A408-1398F3931189}"
EndProject
Project("{2150E333-8FDC-42A3-9474-1A3956D46DE8}") = "Application", "Application", "{D5E81D20-8EB3-41EB-B450-5D5525A40AE0}"
EndProject
Project("{2150E333-8FDC-42A3-9474-1A3956D46DE8}") = "Service", "Service", "{1C60DB7C-4E9D-46E1-BEF5-28BA37591F5A}"
EndProject
Project("{9A19103F-16F7-4668-BE54-9A1E7A4F7556}") = "Pacagroup.Ecommerce.Domain", "Pacagroup.Ecommerce.Domain.Entity\Pacagroup.Ecommerce.Domain.csproj", "{427D67CC-7954-44BC-91F3-4C014F470F3E}"
EndProject
Project("{9A19103F-16F7-4668-BE54-9A1E7A4F7556}") = "Pacagroup.Ecommerce.Application.DTO", "Pacagroup.Ecommerce.Application.DTO\Pacagroup.Ecommerce.Application.DTO.csproj", "{24E1F6C6-4C3D-4E39-BBCF-C9C552A4C6D3}"
EndProject
Project("{9A19103F-16F7-4668-BE54-9A1E7A4F7556}") = "Pacagroup.Ecommerce.Application.Interface", "Pacagroup.Ecommerce.Application.Interface\Pacagroup.Ecommerce.Application.Interface.csproj", "{F2067806-2463-4B57-BABA-C6D854102691}"
EndProject
Project("{9A19103F-16F7-4668-BE54-9A1E7A4F7556}") = "Pacagroup.Ecommerce.Application.UseCases", "Pacagroup.Ecommerce.Application.Main\Pacagroup.Ecommerce.Application.UseCases.csproj", "{5EBB90C9-3DB2-4ABA-80DE-8A57773DB93A}"
EndProject
Project("{9A19103F-16F7-4668-BE54-9A1E7A4F7556}") = "Pacagroup.Ecommerce.Services.WebApi", "Pacagroup.Ecommerce.Services.WebApi\Pacagroup.Ecommerce.Services.WebApi.csproj", "{83807F0E-6967-4DBC-B042-F865C2081914}"
EndProject
Project("{9A19103F-16F7-4668-BE54-9A1E7A4F7556}") = "Pacagroup.Ecommerce.Application.Validator", "Pacagroup.Ecommerce.Application.Validator\Pacagroup.Ecommerce.Application.Validator.csproj", "{49BE8120-1158-4F69-9938-9D62FF326AF5}"
EndProject
Project("{2150E333-8FDC-42A3-9474-1A3956D46DE8}") = "Test", "Test", "{B3797D90-1B56-4EA1-98F0-B21F4C576BA4}"
EndProject
Project("{9A19103F-16F7-4668-BE54-9A1E7A4F7556}") = "Pacagroup.Ecommerce.Application.Test", "Pacagroup.Ecommerce.Application.Test\Pacagroup.Ecommerce.Application.Test.csproj", "{0DC91C20-5F6D-44DD-97D8-6FBD12252DE7}"
EndProject
Project("{9A19103F-16F7-4668-BE54-9A1E7A4F7556}") = "Pacagroup.Ecommerce.CrossSectional.Logging", "Pacagroup.Ecommerce.CrossSectional.Logging\Pacagroup.Ecommerce.CrossSectional.Logging.csproj", "{19259CB7-E851-48FB-A7C8-66FE29787C8E}"
EndProject
Project("{9A19103F-16F7-4668-BE54-9A1E7A4F7556}") = "Pacagroup.Ecommerce.Persistence", "Pacagroup.Ecommerce.Persistence\Pacagroup.Ecommerce.Persistence.csproj", "{A5D92861-CF6F-4FEB-AB24-71E96F7C00D3}"
EndProject
Global
	GlobalSection(SolutionConfigurationPlatforms) = preSolution
		Debug|Any CPU = Debug|Any CPU
		Release|Any CPU = Release|Any CPU
	EndGlobalSection
	GlobalSection(ProjectConfigurationPlatforms) = postSolution
		{78FAFEDE-09A9-41F7-B705-38396AE1D7C0}.Debug|Any CPU.ActiveCfg = Debug|Any CPU
		{78FAFEDE-09A9-41F7-B705-38396AE1D7C0}.Debug|Any CPU.Build.0 = Debug|Any CPU
		{78FAFEDE-09A9-41F7-B705-38396AE1D7C0}.Release|Any CPU.ActiveCfg = Release|Any CPU
		{78FAFEDE-09A9-41F7-B705-38396AE1D7C0}.Release|Any CPU.Build.0 = Release|Any CPU
		{427D67CC-7954-44BC-91F3-4C014F470F3E}.Debug|Any CPU.ActiveCfg = Debug|Any CPU
		{427D67CC-7954-44BC-91F3-4C014F470F3E}.Debug|Any CPU.Build.0 = Debug|Any CPU
		{427D67CC-7954-44BC-91F3-4C014F470F3E}.Release|Any CPU.ActiveCfg = Release|Any CPU
		{427D67CC-7954-44BC-91F3-4C014F470F3E}.Release|Any CPU.Build.0 = Release|Any CPU
		{24E1F6C6-4C3D-4E39-BBCF-C9C552A4C6D3}.Debug|Any CPU.ActiveCfg = Debug|Any CPU
		{24E1F6C6-4C3D-4E39-BBCF-C9C552A4C6D3}.Debug|Any CPU.Build.0 = Debug|Any CPU
		{24E1F6C6-4C3D-4E39-BBCF-C9C552A4C6D3}.Release|Any CPU.ActiveCfg = Release|Any CPU
		{24E1F6C6-4C3D-4E39-BBCF-C9C552A4C6D3}.Release|Any CPU.Build.0 = Release|Any CPU
		{F2067806-2463-4B57-BABA-C6D854102691}.Debug|Any CPU.ActiveCfg = Debug|Any CPU
		{F2067806-2463-4B57-BABA-C6D854102691}.Debug|Any CPU.Build.0 = Debug|Any CPU
		{F2067806-2463-4B57-BABA-C6D854102691}.Release|Any CPU.ActiveCfg = Release|Any CPU
		{F2067806-2463-4B57-BABA-C6D854102691}.Release|Any CPU.Build.0 = Release|Any CPU
		{5EBB90C9-3DB2-4ABA-80DE-8A57773DB93A}.Debug|Any CPU.ActiveCfg = Debug|Any CPU
		{5EBB90C9-3DB2-4ABA-80DE-8A57773DB93A}.Debug|Any CPU.Build.0 = Debug|Any CPU
		{5EBB90C9-3DB2-4ABA-80DE-8A57773DB93A}.Release|Any CPU.ActiveCfg = Release|Any CPU
		{5EBB90C9-3DB2-4ABA-80DE-8A57773DB93A}.Release|Any CPU.Build.0 = Release|Any CPU
		{83807F0E-6967-4DBC-B042-F865C2081914}.Debug|Any CPU.ActiveCfg = Debug|Any CPU
		{83807F0E-6967-4DBC-B042-F865C2081914}.Debug|Any CPU.Build.0 = Debug|Any CPU
		{83807F0E-6967-4DBC-B042-F865C2081914}.Release|Any CPU.ActiveCfg = Release|Any CPU
		{83807F0E-6967-4DBC-B042-F865C2081914}.Release|Any CPU.Build.0 = Release|Any CPU
		{49BE8120-1158-4F69-9938-9D62FF326AF5}.Debug|Any CPU.ActiveCfg = Debug|Any CPU
		{49BE8120-1158-4F69-9938-9D62FF326AF5}.Debug|Any CPU.Build.0 = Debug|Any CPU
		{49BE8120-1158-4F69-9938-9D62FF326AF5}.Release|Any CPU.ActiveCfg = Release|Any CPU
		{49BE8120-1158-4F69-9938-9D62FF326AF5}.Release|Any CPU.Build.0 = Release|Any CPU
		{0DC91C20-5F6D-44DD-97D8-6FBD12252DE7}.Debug|Any CPU.ActiveCfg = Debug|Any CPU
		{0DC91C20-5F6D-44DD-97D8-6FBD12252DE7}.Debug|Any CPU.Build.0 = Debug|Any CPU
		{0DC91C20-5F6D-44DD-97D8-6FBD12252DE7}.Release|Any CPU.ActiveCfg = Release|Any CPU
		{0DC91C20-5F6D-44DD-97D8-6FBD12252DE7}.Release|Any CPU.Build.0 = Release|Any CPU
		{19259CB7-E851-48FB-A7C8-66FE29787C8E}.Debug|Any CPU.ActiveCfg = Debug|Any CPU
		{19259CB7-E851-48FB-A7C8-66FE29787C8E}.Debug|Any CPU.Build.0 = Debug|Any CPU
		{19259CB7-E851-48FB-A7C8-66FE29787C8E}.Release|Any CPU.ActiveCfg = Release|Any CPU
		{19259CB7-E851-48FB-A7C8-66FE29787C8E}.Release|Any CPU.Build.0 = Release|Any CPU
		{A5D92861-CF6F-4FEB-AB24-71E96F7C00D3}.Debug|Any CPU.ActiveCfg = Debug|Any CPU
		{A5D92861-CF6F-4FEB-AB24-71E96F7C00D3}.Debug|Any CPU.Build.0 = Debug|Any CPU
		{A5D92861-CF6F-4FEB-AB24-71E96F7C00D3}.Release|Any CPU.ActiveCfg = Release|Any CPU
		{A5D92861-CF6F-4FEB-AB24-71E96F7C00D3}.Release|Any CPU.Build.0 = Release|Any CPU
	EndGlobalSection
	GlobalSection(SolutionProperties) = preSolution
		HideSolutionNode = FALSE
	EndGlobalSection
	GlobalSection(NestedProjects) = preSolution
		{78FAFEDE-09A9-41F7-B705-38396AE1D7C0} = {70ABC1D3-936C-439C-ADAC-32D8D56B358A}
		{427D67CC-7954-44BC-91F3-4C014F470F3E} = {018B00F0-58A1-4DC6-A408-1398F3931189}
		{24E1F6C6-4C3D-4E39-BBCF-C9C552A4C6D3} = {D5E81D20-8EB3-41EB-B450-5D5525A40AE0}
		{F2067806-2463-4B57-BABA-C6D854102691} = {D5E81D20-8EB3-41EB-B450-5D5525A40AE0}
		{5EBB90C9-3DB2-4ABA-80DE-8A57773DB93A} = {D5E81D20-8EB3-41EB-B450-5D5525A40AE0}
		{83807F0E-6967-4DBC-B042-F865C2081914} = {1C60DB7C-4E9D-46E1-BEF5-28BA37591F5A}
		{49BE8120-1158-4F69-9938-9D62FF326AF5} = {D5E81D20-8EB3-41EB-B450-5D5525A40AE0}
		{0DC91C20-5F6D-44DD-97D8-6FBD12252DE7} = {B3797D90-1B56-4EA1-98F0-B21F4C576BA4}
		{19259CB7-E851-48FB-A7C8-66FE29787C8E} = {70ABC1D3-936C-439C-ADAC-32D8D56B358A}
		{A5D92861-CF6F-4FEB-AB24-71E96F7C00D3} = {00288B39-D73E-4520-9F27-BC58A74529FC}
	EndGlobalSection
	GlobalSection(ExtensibilityGlobals) = postSolution
		SolutionGuid = {AA06738B-0BCA-4098-85D0-B5C7C00BAD56}
	EndGlobalSection
EndGlobal
